
Microsoft Visual Studio Solution File, Format Version 12.00
# Visual Studio Express 14 for Windows Desktop
VisualStudioVersion = 14.0.25420.1
MinimumVisualStudioVersion = 10.0.40219.1
Project("{FAE04EC0-301F-11D3-BF4B-00C04F79EFBC}") = "DaySim", "Daysim\DaySim.csproj", "{C89E2003-E353-43B8-BF0A-9A821945933A}"
EndProject
Project("{FAE04EC0-301F-11D3-BF4B-00C04F79EFBC}") = "DaySim.Framework", "Daysim.Framework\DaySim.Framework.csproj", "{33842B3A-A2CB-4B61-933B-811CED8CF74B}"
EndProject
Project("{FAE04EC0-301F-11D3-BF4B-00C04F79EFBC}") = "DaySimController", "DaysimController\DaySimController.csproj", "{FB158352-2310-4E0F-84E2-50EFFF669C55}"
EndProject
Project("{2150E333-8FDC-42A3-9474-1A3956D46DE8}") = ".nuget", ".nuget", "{9C172028-C7C2-40B7-AE9B-413C4F84EC6D}"
	ProjectSection(SolutionItems) = preProject
		.nuget\packages.config = .nuget\packages.config
	EndProjectSection
EndProject
Project("{888888A0-9F3D-457C-B088-3A5042F75D52}") = "compare_output_directories", "Daysim.Tests\Daysim.Tests.external\compare_output_directories\compare_output_directories.pyproj", "{66B71A86-D772-4A33-B182-760B912CD7F3}"
EndProject
Project("{FAE04EC0-301F-11D3-BF4B-00C04F79EFBC}") = "PSRC", "DaySim.Customizations\PSRC\PSRC.csproj", "{881E7750-B121-46EA-ACB3-F039E2919767}"
EndProject
Project("{FAE04EC0-301F-11D3-BF4B-00C04F79EFBC}") = "DVRPC", "DaySim.Customizations\DVRPC\DVRPC.csproj", "{6F39C2BD-CE55-4686-A33D-EDC10904C113}"
EndProject
Project("{FAE04EC0-301F-11D3-BF4B-00C04F79EFBC}") = "Nashville", "DaySim.Customizations\Nashville\Nashville.csproj", "{3D0BF5C8-440A-417E-8856-FC7373F4D488}"
EndProject
Project("{FAE04EC0-301F-11D3-BF4B-00C04F79EFBC}") = "SFCTA", "DaySim.Customizations\SFCTA\SFCTA.csproj", "{41DA73F7-DA85-4726-9C2C-2A8599848784}"
EndProject
Global
	GlobalSection(SolutionConfigurationPlatforms) = preSolution
		Debug|Any CPU = Debug|Any CPU
		Debug|x64 = Debug|x64
		Release|Any CPU = Release|Any CPU
		Release|x64 = Release|x64
	EndGlobalSection
	GlobalSection(ProjectConfigurationPlatforms) = postSolution
		{C89E2003-E353-43B8-BF0A-9A821945933A}.Debug|Any CPU.ActiveCfg = Debug|x64
		{C89E2003-E353-43B8-BF0A-9A821945933A}.Debug|x64.ActiveCfg = Debug|x64
		{C89E2003-E353-43B8-BF0A-9A821945933A}.Debug|x64.Build.0 = Debug|x64
		{C89E2003-E353-43B8-BF0A-9A821945933A}.Debug|x64.Deploy.0 = Debug|x64
		{C89E2003-E353-43B8-BF0A-9A821945933A}.Release|Any CPU.ActiveCfg = Release|x64
		{C89E2003-E353-43B8-BF0A-9A821945933A}.Release|x64.ActiveCfg = Release|x64
		{C89E2003-E353-43B8-BF0A-9A821945933A}.Release|x64.Build.0 = Release|x64
		{C89E2003-E353-43B8-BF0A-9A821945933A}.Release|x64.Deploy.0 = Release|x64
		{33842B3A-A2CB-4B61-933B-811CED8CF74B}.Debug|Any CPU.ActiveCfg = Debug|x64
		{33842B3A-A2CB-4B61-933B-811CED8CF74B}.Debug|x64.ActiveCfg = Debug|x64
		{33842B3A-A2CB-4B61-933B-811CED8CF74B}.Debug|x64.Build.0 = Debug|x64
		{33842B3A-A2CB-4B61-933B-811CED8CF74B}.Debug|x64.Deploy.0 = Debug|x64
		{33842B3A-A2CB-4B61-933B-811CED8CF74B}.Release|Any CPU.ActiveCfg = Release|x64
		{33842B3A-A2CB-4B61-933B-811CED8CF74B}.Release|x64.ActiveCfg = Release|x64
		{33842B3A-A2CB-4B61-933B-811CED8CF74B}.Release|x64.Build.0 = Release|x64
		{33842B3A-A2CB-4B61-933B-811CED8CF74B}.Release|x64.Deploy.0 = Release|x64
		{FB158352-2310-4E0F-84E2-50EFFF669C55}.Debug|Any CPU.ActiveCfg = Debug|x64
		{FB158352-2310-4E0F-84E2-50EFFF669C55}.Debug|x64.ActiveCfg = Debug|x64
		{FB158352-2310-4E0F-84E2-50EFFF669C55}.Debug|x64.Build.0 = Debug|x64
		{FB158352-2310-4E0F-84E2-50EFFF669C55}.Debug|x64.Deploy.0 = Debug|x64
		{FB158352-2310-4E0F-84E2-50EFFF669C55}.Release|Any CPU.ActiveCfg = Release|x64
		{FB158352-2310-4E0F-84E2-50EFFF669C55}.Release|x64.ActiveCfg = Release|x64
		{FB158352-2310-4E0F-84E2-50EFFF669C55}.Release|x64.Build.0 = Release|x64
		{FB158352-2310-4E0F-84E2-50EFFF669C55}.Release|x64.Deploy.0 = Release|x64
		{66B71A86-D772-4A33-B182-760B912CD7F3}.Debug|Any CPU.ActiveCfg = Debug|Any CPU
		{66B71A86-D772-4A33-B182-760B912CD7F3}.Debug|x64.ActiveCfg = Debug|Any CPU
		{66B71A86-D772-4A33-B182-760B912CD7F3}.Release|Any CPU.ActiveCfg = Release|Any CPU
		{66B71A86-D772-4A33-B182-760B912CD7F3}.Release|x64.ActiveCfg = Release|Any CPU
		{66B71A86-D772-4A33-B182-760B912CD7F3}.Release|x64.Deploy.0 = Release|Any CPU
		{881E7750-B121-46EA-ACB3-F039E2919767}.Debug|Any CPU.ActiveCfg = Debug|Any CPU
		{881E7750-B121-46EA-ACB3-F039E2919767}.Debug|Any CPU.Build.0 = Debug|Any CPU
		{881E7750-B121-46EA-ACB3-F039E2919767}.Debug|x64.ActiveCfg = Debug|x64
		{881E7750-B121-46EA-ACB3-F039E2919767}.Debug|x64.Build.0 = Debug|x64
		{881E7750-B121-46EA-ACB3-F039E2919767}.Release|Any CPU.ActiveCfg = Release|Any CPU
		{881E7750-B121-46EA-ACB3-F039E2919767}.Release|Any CPU.Build.0 = Release|Any CPU
		{881E7750-B121-46EA-ACB3-F039E2919767}.Release|x64.ActiveCfg = Release|x64
		{881E7750-B121-46EA-ACB3-F039E2919767}.Release|x64.Build.0 = Release|x64
		{6F39C2BD-CE55-4686-A33D-EDC10904C113}.Debug|Any CPU.ActiveCfg = Debug|Any CPU
		{6F39C2BD-CE55-4686-A33D-EDC10904C113}.Debug|Any CPU.Build.0 = Debug|Any CPU
		{6F39C2BD-CE55-4686-A33D-EDC10904C113}.Debug|x64.ActiveCfg = Debug|x64
		{6F39C2BD-CE55-4686-A33D-EDC10904C113}.Debug|x64.Build.0 = Debug|x64
		{6F39C2BD-CE55-4686-A33D-EDC10904C113}.Release|Any CPU.ActiveCfg = Release|Any CPU
		{6F39C2BD-CE55-4686-A33D-EDC10904C113}.Release|Any CPU.Build.0 = Release|Any CPU
		{6F39C2BD-CE55-4686-A33D-EDC10904C113}.Release|x64.ActiveCfg = Release|x64
		{6F39C2BD-CE55-4686-A33D-EDC10904C113}.Release|x64.Build.0 = Release|x64
		{3D0BF5C8-440A-417E-8856-FC7373F4D488}.Debug|Any CPU.ActiveCfg = Debug|Any CPU
		{3D0BF5C8-440A-417E-8856-FC7373F4D488}.Debug|Any CPU.Build.0 = Debug|Any CPU
		{3D0BF5C8-440A-417E-8856-FC7373F4D488}.Debug|x64.ActiveCfg = Debug|x64
		{3D0BF5C8-440A-417E-8856-FC7373F4D488}.Debug|x64.Build.0 = Debug|x64
		{3D0BF5C8-440A-417E-8856-FC7373F4D488}.Release|Any CPU.ActiveCfg = Release|Any CPU
		{3D0BF5C8-440A-417E-8856-FC7373F4D488}.Release|Any CPU.Build.0 = Release|Any CPU
		{3D0BF5C8-440A-417E-8856-FC7373F4D488}.Release|x64.ActiveCfg = Release|x64
		{3D0BF5C8-440A-417E-8856-FC7373F4D488}.Release|x64.Build.0 = Release|x64
		{41DA73F7-DA85-4726-9C2C-2A8599848784}.Debug|Any CPU.ActiveCfg = Debug|Any CPU
		{41DA73F7-DA85-4726-9C2C-2A8599848784}.Debug|Any CPU.Build.0 = Debug|Any CPU
		{41DA73F7-DA85-4726-9C2C-2A8599848784}.Debug|x64.ActiveCfg = Debug|x64
		{41DA73F7-DA85-4726-9C2C-2A8599848784}.Debug|x64.Build.0 = Debug|x64
		{41DA73F7-DA85-4726-9C2C-2A8599848784}.Release|Any CPU.ActiveCfg = Release|Any CPU
		{41DA73F7-DA85-4726-9C2C-2A8599848784}.Release|Any CPU.Build.0 = Release|Any CPU
		{41DA73F7-DA85-4726-9C2C-2A8599848784}.Release|x64.ActiveCfg = Release|x64
		{41DA73F7-DA85-4726-9C2C-2A8599848784}.Release|x64.Build.0 = Release|x64
	EndGlobalSection
	GlobalSection(SolutionProperties) = preSolution
		HideSolutionNode = FALSE
	EndGlobalSection
EndGlobal
